schema: '2.0'
stages:
  my-conda-command:
    cmd: "mkdir -p results && calkit runenv -n conda --verbose -- \"which python >
      results/conda.txt\"\n"
    outs:
    - path: results/conda.txt
      hash: md5
      md5: 02549e993c0dce738f190f33682ef8be
      size: 60
  my-pixi-command:
    cmd: "calkit runenv -n main --verbose -- \"which python > results/pixi.txt\"\n"
    outs:
    - path: results/pixi.txt
      hash: md5
      md5: a6e80596be586c3f9b2888b14b21b1ef
      size: 71
