schema: '2.0'
stages:
  my-conda-command:
    cmd: "calkit xenv -n conda -- which python > results/conda.txt\n"
    deps:
    - path: environment.yml
      hash: md5
      md5: d6a603cbb6f781c428dfe2546e5fbf68
      size: 62
    outs:
    - path: results/conda.txt
      hash: md5
      md5: ba68667f43f7934f8bfca77e62df41ce
      size: 61
  my-pixi-command:
    cmd: "calkit xenv -n main -- which python > results/pixi.txt\n"
    deps:
    - path: pixi.toml
      hash: md5
      md5: 6f26f56b13dc9358aa77acac578c1995
      size: 448
    outs:
    - path: results/pixi.txt
      hash: md5
      md5: 4945c83638415f6a389874041536bf5c
      size: 70
  my-docker-command:
    cmd: "calkit xenv -n ubuntu -- cat /etc/lsb-release > results/ubuntu.txt\n"
    outs:
    - path: results/ubuntu.txt
      hash: md5
      md5: 9f23c49c53829beec620e91117637bc0
      size: 108
  my-uv-command:
    cmd: "calkit xenv -n my-uv -- which python > results/uv.txt\n"
    deps:
    - path: pyproject.toml
      hash: md5
      md5: 0d0945d23174f8f3ebc82910acfdc065
      size: 264
    outs:
    - path: results/uv.txt
      hash: md5
      md5: ef28234db10497d69c8bc9d52c470e7e
      size: 60
  my-uv-venv-command:
    cmd: "calkit xenv -n uv-venv -- which python > results/uv-venv.txt\n"
    deps:
    - path: requirements.txt
      hash: md5
      md5: 5be423b6bcbed3746d16c4807175a7f8
      size: 19
    outs:
    - path: results/uv-venv.txt
      hash: md5
      md5: 90da20b506002b890e90e70e8c23eaaf
      size: 61
  my-pixi-env-command:
    cmd: "calkit xenv -n pixi2 -- python -c \"import plotly; print(plotly.__file__)\"\
      \ > results/pixi2.txt\n"
    deps:
    - path: pixi.toml
      hash: md5
      md5: 6f26f56b13dc9358aa77acac578c1995
      size: 448
    outs:
    - path: results/pixi2.txt
      hash: md5
      md5: 54ea9d10c772ddf61ca70bd6c8f0bcba
      size: 108
  my-openfoam-command:
    cmd: "calkit xenv -n openfoam -- icoFoam -help > results/openfoam.txt\n"
    deps:
    - path: Dockerfile
      hash: md5
      md5: 8ea8bad904dccccc38ee0f7e3db36f7e
      size: 2085
    outs:
    - path: results/openfoam.txt
      hash: md5
      md5: 3360aa7f6741a00d1923a9536d1702e9
      size: 771
  my-venv-command:
    cmd: "calkit xenv -n my-venv -- python -c \"import polars; print(polars.__version__)\"\
      \ > results/venv.txt\n"
    deps:
    - path: reqs-venv.txt
      hash: md5
      md5: 4d1e252c899d43562a7f13d42d405b60
      size: 15
    outs:
    - path: results/venv.txt
      hash: md5
      md5: eee74d81a30afe6f6f417df07ae0fc4b
      size: 7
